// !$*UTF8*$!
{
	archiveVersion = 1;
	classes = {
	};
	objectVersion = 56;
	objects = {

/* Begin PBXBuildFile section */
		7FB394E72BF643AC0082BBF6 /* AppDelegate.swift in Sources */ = {isa = PBXBuildFile; fileRef = 7FB394E62BF643AC0082BBF6 /* AppDelegate.swift */; };
		7FB394E92BF643AC0082BBF6 /* SceneDelegate.swift in Sources */ = {isa = PBXBuildFile; fileRef = 7FB394E82BF643AC0082BBF6 /* SceneDelegate.swift */; };
		7FB394F02BF643AF0082BBF6 /* Assets.xcassets in Resources */ = {isa = PBXBuildFile; fileRef = 7FB394EF2BF643AF0082BBF6 /* Assets.xcassets */; };
		7FB394F32BF643AF0082BBF6 /* LaunchScreen.storyboard in Resources */ = {isa = PBXBuildFile; fileRef = 7FB394F12BF643AF0082BBF6 /* LaunchScreen.storyboard */; };
		7FB394FE2BF643AF0082BBF6 /* NetflixTests.swift in Sources */ = {isa = PBXBuildFile; fileRef = 7FB394FD2BF643AF0082BBF6 /* NetflixTests.swift */; };
		7FB395082BF643AF0082BBF6 /* NetflixUITests.swift in Sources */ = {isa = PBXBuildFile; fileRef = 7FB395072BF643AF0082BBF6 /* NetflixUITests.swift */; };
		7FB3950A2BF643AF0082BBF6 /* NetflixUITestsLaunchTests.swift in Sources */ = {isa = PBXBuildFile; fileRef = 7FB395092BF643AF0082BBF6 /* NetflixUITestsLaunchTests.swift */; };
		7FB3951B2BF645CC0082BBF6 /* TabViewController.swift in Sources */ = {isa = PBXBuildFile; fileRef = 7FB3951A2BF645CC0082BBF6 /* TabViewController.swift */; };
		7FB395232BF648C10082BBF6 /* HomeViewController.swift in Sources */ = {isa = PBXBuildFile; fileRef = 7FB395212BF648C10082BBF6 /* HomeViewController.swift */; };
		7FB395272BF65BAC0082BBF6 /* HomeRouter.swift in Sources */ = {isa = PBXBuildFile; fileRef = 7FB395262BF65BAC0082BBF6 /* HomeRouter.swift */; };
		7FB3952A2BF65BD50082BBF6 /* HomeInterarcter.swift in Sources */ = {isa = PBXBuildFile; fileRef = 7FB395292BF65BD50082BBF6 /* HomeInterarcter.swift */; };
		7FB3952D2BF65C070082BBF6 /* HomePresenter.swift in Sources */ = {isa = PBXBuildFile; fileRef = 7FB3952C2BF65C070082BBF6 /* HomePresenter.swift */; };
		7FB3952F2BF666190082BBF6 /* TabBarBuilder.swift in Sources */ = {isa = PBXBuildFile; fileRef = 7FB3952E2BF666190082BBF6 /* TabBarBuilder.swift */; };
		7FB395392BF66F230082BBF6 /* UpcomingPresenter.swift in Sources */ = {isa = PBXBuildFile; fileRef = 7FB395322BF66F230082BBF6 /* UpcomingPresenter.swift */; };
		7FB3953A2BF66F230082BBF6 /* UpcomingViewController.swift in Sources */ = {isa = PBXBuildFile; fileRef = 7FB395342BF66F230082BBF6 /* UpcomingViewController.swift */; };
		7FB3953B2BF66F230082BBF6 /* UpcomingInteracter.swift in Sources */ = {isa = PBXBuildFile; fileRef = 7FB395362BF66F230082BBF6 /* UpcomingInteracter.swift */; };
		7FB3953C2BF66F230082BBF6 /* UpcomingRouter.swift in Sources */ = {isa = PBXBuildFile; fileRef = 7FB395382BF66F230082BBF6 /* UpcomingRouter.swift */; };
		7FC2A03F2BF78D5100358B2F /* BaseViewController.swift in Sources */ = {isa = PBXBuildFile; fileRef = 7FC2A03E2BF78D5100358B2F /* BaseViewController.swift */; };
		7FC2A0492BF78FD100358B2F /* SearchPresenter.swift in Sources */ = {isa = PBXBuildFile; fileRef = 7FC2A0422BF78FD100358B2F /* SearchPresenter.swift */; };
		7FC2A04A2BF78FD100358B2F /* SearchViewController.swift in Sources */ = {isa = PBXBuildFile; fileRef = 7FC2A0442BF78FD100358B2F /* SearchViewController.swift */; };
		7FC2A04B2BF78FD100358B2F /* SearchInteracter.swift in Sources */ = {isa = PBXBuildFile; fileRef = 7FC2A0462BF78FD100358B2F /* SearchInteracter.swift */; };
		7FC2A04C2BF78FD100358B2F /* SearchRouter.swift in Sources */ = {isa = PBXBuildFile; fileRef = 7FC2A0482BF78FD100358B2F /* SearchRouter.swift */; };
		7FC2A0562BF790D000358B2F /* DownloadPresenter.swift in Sources */ = {isa = PBXBuildFile; fileRef = 7FC2A04F2BF790D000358B2F /* DownloadPresenter.swift */; };
		7FC2A0572BF790D000358B2F /* DownloadViewController.swift in Sources */ = {isa = PBXBuildFile; fileRef = 7FC2A0512BF790D000358B2F /* DownloadViewController.swift */; };
		7FC2A0582BF790D000358B2F /* DownloadInteracter.swift in Sources */ = {isa = PBXBuildFile; fileRef = 7FC2A0532BF790D000358B2F /* DownloadInteracter.swift */; };
		7FC2A0592BF790D000358B2F /* DownloadRouter.swift in Sources */ = {isa = PBXBuildFile; fileRef = 7FC2A0552BF790D000358B2F /* DownloadRouter.swift */; };
		7FC2A0612BF79C4100358B2F /* NetworkManager.swift in Sources */ = {isa = PBXBuildFile; fileRef = 7FC2A0602BF79C4100358B2F /* NetworkManager.swift */; };
		7FC2A0652BF79CA400358B2F /* Program.swift in Sources */ = {isa = PBXBuildFile; fileRef = 7FC2A0642BF79CA400358B2F /* Program.swift */; };
		7FC2A0CE2BFB62D200358B2F /* CollectionViewTableViewCell.swift in Sources */ = {isa = PBXBuildFile; fileRef = 7FC2A0CD2BFB62D200358B2F /* CollectionViewTableViewCell.swift */; };
		7FC2A0D02BFB62F600358B2F /* TitleCollectionViewCell.swift in Sources */ = {isa = PBXBuildFile; fileRef = 7FC2A0CF2BFB62F600358B2F /* TitleCollectionViewCell.swift */; };
		7FC2A0D42BFB63AC00358B2F /* SDWebImage in Frameworks */ = {isa = PBXBuildFile; productRef = 7FC2A0D32BFB63AC00358B2F /* SDWebImage */; };
		7FC2A0D62BFB63AC00358B2F /* SDWebImageMapKit in Frameworks */ = {isa = PBXBuildFile; productRef = 7FC2A0D52BFB63AC00358B2F /* SDWebImageMapKit */; };
		7FE47C392C12D61D00E0231F /* TitleTableViewCell.swift in Sources */ = {isa = PBXBuildFile; fileRef = 7FE47C382C12D61D00E0231F /* TitleTableViewCell.swift */; };
		7FE47C3B2C12D6E200E0231F /* TitleViewmodel.swift in Sources */ = {isa = PBXBuildFile; fileRef = 7FE47C3A2C12D6E200E0231F /* TitleViewmodel.swift */; };
/* End PBXBuildFile section */

/* Begin PBXContainerItemProxy section */
		7FB394FA2BF643AF0082BBF6 /* PBXContainerItemProxy */ = {
			isa = PBXContainerItemProxy;
			containerPortal = 7FB394DB2BF643AC0082BBF6 /* Project object */;
			proxyType = 1;
			remoteGlobalIDString = 7FB394E22BF643AC0082BBF6;
			remoteInfo = Netflix;
		};
		7FB395042BF643AF0082BBF6 /* PBXContainerItemProxy */ = {
			isa = PBXContainerItemProxy;
			containerPortal = 7FB394DB2BF643AC0082BBF6 /* Project object */;
			proxyType = 1;
			remoteGlobalIDString = 7FB394E22BF643AC0082BBF6;
			remoteInfo = Netflix;
		};
/* End PBXContainerItemProxy section */

/* Begin PBXFileReference section */
		7FB394E32BF643AC0082BBF6 /* Netflix.app */ = {isa = PBXFileReference; explicitFileType = wrapper.application; includeInIndex = 0; path = Netflix.app; sourceTree = BUILT_PRODUCTS_DIR; };
		7FB394E62BF643AC0082BBF6 /* AppDelegate.swift */ = {isa = PBXFileReference; lastKnownFileType = sourcecode.swift; path = AppDelegate.swift; sourceTree = "<group>"; };
		7FB394E82BF643AC0082BBF6 /* SceneDelegate.swift */ = {isa = PBXFileReference; lastKnownFileType = sourcecode.swift; path = SceneDelegate.swift; sourceTree = "<group>"; };
		7FB394EF2BF643AF0082BBF6 /* Assets.xcassets */ = {isa = PBXFileReference; lastKnownFileType = folder.assetcatalog; path = Assets.xcassets; sourceTree = "<group>"; };
		7FB394F22BF643AF0082BBF6 /* Base */ = {isa = PBXFileReference; lastKnownFileType = file.storyboard; name = Base; path = Base.lproj/LaunchScreen.storyboard; sourceTree = "<group>"; };
		7FB394F42BF643AF0082BBF6 /* Info.plist */ = {isa = PBXFileReference; lastKnownFileType = text.plist.xml; path = Info.plist; sourceTree = "<group>"; };
		7FB394F92BF643AF0082BBF6 /* NetflixTests.xctest */ = {isa = PBXFileReference; explicitFileType = wrapper.cfbundle; includeInIndex = 0; path = NetflixTests.xctest; sourceTree = BUILT_PRODUCTS_DIR; };
		7FB394FD2BF643AF0082BBF6 /* NetflixTests.swift */ = {isa = PBXFileReference; lastKnownFileType = sourcecode.swift; path = NetflixTests.swift; sourceTree = "<group>"; };
		7FB395032BF643AF0082BBF6 /* NetflixUITests.xctest */ = {isa = PBXFileReference; explicitFileType = wrapper.cfbundle; includeInIndex = 0; path = NetflixUITests.xctest; sourceTree = BUILT_PRODUCTS_DIR; };
		7FB395072BF643AF0082BBF6 /* NetflixUITests.swift */ = {isa = PBXFileReference; lastKnownFileType = sourcecode.swift; path = NetflixUITests.swift; sourceTree = "<group>"; };
		7FB395092BF643AF0082BBF6 /* NetflixUITestsLaunchTests.swift */ = {isa = PBXFileReference; lastKnownFileType = sourcecode.swift; path = NetflixUITestsLaunchTests.swift; sourceTree = "<group>"; };
		7FB3951A2BF645CC0082BBF6 /* TabViewController.swift */ = {isa = PBXFileReference; lastKnownFileType = sourcecode.swift; path = TabViewController.swift; sourceTree = "<group>"; };
		7FB395212BF648C10082BBF6 /* HomeViewController.swift */ = {isa = PBXFileReference; lastKnownFileType = sourcecode.swift; path = HomeViewController.swift; sourceTree = "<group>"; };
		7FB395262BF65BAC0082BBF6 /* HomeRouter.swift */ = {isa = PBXFileReference; lastKnownFileType = sourcecode.swift; path = HomeRouter.swift; sourceTree = "<group>"; };
		7FB395292BF65BD50082BBF6 /* HomeInterarcter.swift */ = {isa = PBXFileReference; lastKnownFileType = sourcecode.swift; path = HomeInterarcter.swift; sourceTree = "<group>"; };
		7FB3952C2BF65C070082BBF6 /* HomePresenter.swift */ = {isa = PBXFileReference; lastKnownFileType = sourcecode.swift; path = HomePresenter.swift; sourceTree = "<group>"; };
		7FB3952E2BF666190082BBF6 /* TabBarBuilder.swift */ = {isa = PBXFileReference; lastKnownFileType = sourcecode.swift; path = TabBarBuilder.swift; sourceTree = "<group>"; };
		7FB395322BF66F230082BBF6 /* UpcomingPresenter.swift */ = {isa = PBXFileReference; fileEncoding = 4; lastKnownFileType = sourcecode.swift; path = UpcomingPresenter.swift; sourceTree = "<group>"; };
		7FB395342BF66F230082BBF6 /* UpcomingViewController.swift */ = {isa = PBXFileReference; fileEncoding = 4; lastKnownFileType = sourcecode.swift; path = UpcomingViewController.swift; sourceTree = "<group>"; };
		7FB395362BF66F230082BBF6 /* UpcomingInteracter.swift */ = {isa = PBXFileReference; fileEncoding = 4; lastKnownFileType = sourcecode.swift; path = UpcomingInteracter.swift; sourceTree = "<group>"; };
		7FB395382BF66F230082BBF6 /* UpcomingRouter.swift */ = {isa = PBXFileReference; fileEncoding = 4; lastKnownFileType = sourcecode.swift; path = UpcomingRouter.swift; sourceTree = "<group>"; };
		7FC2A03E2BF78D5100358B2F /* BaseViewController.swift */ = {isa = PBXFileReference; lastKnownFileType = sourcecode.swift; path = BaseViewController.swift; sourceTree = "<group>"; };
		7FC2A0422BF78FD100358B2F /* SearchPresenter.swift */ = {isa = PBXFileReference; fileEncoding = 4; lastKnownFileType = sourcecode.swift; path = SearchPresenter.swift; sourceTree = "<group>"; };
		7FC2A0442BF78FD100358B2F /* SearchViewController.swift */ = {isa = PBXFileReference; fileEncoding = 4; lastKnownFileType = sourcecode.swift; path = SearchViewController.swift; sourceTree = "<group>"; };
		7FC2A0462BF78FD100358B2F /* SearchInteracter.swift */ = {isa = PBXFileReference; fileEncoding = 4; lastKnownFileType = sourcecode.swift; path = SearchInteracter.swift; sourceTree = "<group>"; };
		7FC2A0482BF78FD100358B2F /* SearchRouter.swift */ = {isa = PBXFileReference; fileEncoding = 4; lastKnownFileType = sourcecode.swift; path = SearchRouter.swift; sourceTree = "<group>"; };
		7FC2A04F2BF790D000358B2F /* DownloadPresenter.swift */ = {isa = PBXFileReference; fileEncoding = 4; lastKnownFileType = sourcecode.swift; path = DownloadPresenter.swift; sourceTree = "<group>"; };
		7FC2A0512BF790D000358B2F /* DownloadViewController.swift */ = {isa = PBXFileReference; fileEncoding = 4; lastKnownFileType = sourcecode.swift; path = DownloadViewController.swift; sourceTree = "<group>"; };
		7FC2A0532BF790D000358B2F /* DownloadInteracter.swift */ = {isa = PBXFileReference; fileEncoding = 4; lastKnownFileType = sourcecode.swift; path = DownloadInteracter.swift; sourceTree = "<group>"; };
		7FC2A0552BF790D000358B2F /* DownloadRouter.swift */ = {isa = PBXFileReference; fileEncoding = 4; lastKnownFileType = sourcecode.swift; path = DownloadRouter.swift; sourceTree = "<group>"; };
		7FC2A0602BF79C4100358B2F /* NetworkManager.swift */ = {isa = PBXFileReference; lastKnownFileType = sourcecode.swift; path = NetworkManager.swift; sourceTree = "<group>"; };
		7FC2A0642BF79CA400358B2F /* Program.swift */ = {isa = PBXFileReference; lastKnownFileType = sourcecode.swift; path = Program.swift; sourceTree = "<group>"; };
		7FC2A0CD2BFB62D200358B2F /* CollectionViewTableViewCell.swift */ = {isa = PBXFileReference; lastKnownFileType = sourcecode.swift; path = CollectionViewTableViewCell.swift; sourceTree = "<group>"; };
		7FC2A0CF2BFB62F600358B2F /* TitleCollectionViewCell.swift */ = {isa = PBXFileReference; lastKnownFileType = sourcecode.swift; path = TitleCollectionViewCell.swift; sourceTree = "<group>"; };
		7FE47C382C12D61D00E0231F /* TitleTableViewCell.swift */ = {isa = PBXFileReference; lastKnownFileType = sourcecode.swift; path = TitleTableViewCell.swift; sourceTree = "<group>"; };
		7FE47C3A2C12D6E200E0231F /* TitleViewmodel.swift */ = {isa = PBXFileReference; lastKnownFileType = sourcecode.swift; path = TitleViewmodel.swift; sourceTree = "<group>"; };
/* End PBXFileReference section */

/* Begin PBXFrameworksBuildPhase section */
		7FB394E02BF643AC0082BBF6 /* Frameworks */ = {
			isa = PBXFrameworksBuildPhase;
			buildActionMask = 2147483647;
			files = (
				7FC2A0D62BFB63AC00358B2F /* SDWebImageMapKit in Frameworks */,
				7FC2A0D42BFB63AC00358B2F /* SDWebImage in Frameworks */,
			);
			runOnlyForDeploymentPostprocessing = 0;
		};
		7FB394F62BF643AF0082BBF6 /* Frameworks */ = {
			isa = PBXFrameworksBuildPhase;
			buildActionMask = 2147483647;
			files = (
			);
			runOnlyForDeploymentPostprocessing = 0;
		};
		7FB395002BF643AF0082BBF6 /* Frameworks */ = {
			isa = PBXFrameworksBuildPhase;
			buildActionMask = 2147483647;
			files = (
			);
			runOnlyForDeploymentPostprocessing = 0;
		};
/* End PBXFrameworksBuildPhase section */

/* Begin PBXGroup section */
		7FB394DA2BF643AC0082BBF6 = {
			isa = PBXGroup;
			children = (
				7FB394E52BF643AC0082BBF6 /* Netflix */,
				7FB394FC2BF643AF0082BBF6 /* NetflixTests */,
				7FB395062BF643AF0082BBF6 /* NetflixUITests */,
				7FB394E42BF643AC0082BBF6 /* Products */,
			);
			sourceTree = "<group>";
		};
		7FB394E42BF643AC0082BBF6 /* Products */ = {
			isa = PBXGroup;
			children = (
				7FB394E32BF643AC0082BBF6 /* Netflix.app */,
				7FB394F92BF643AF0082BBF6 /* NetflixTests.xctest */,
				7FB395032BF643AF0082BBF6 /* NetflixUITests.xctest */,
			);
			name = Products;
			sourceTree = "<group>";
		};
		7FB394E52BF643AC0082BBF6 /* Netflix */ = {
			isa = PBXGroup;
			children = (
				7FB395162BF645150082BBF6 /* Classes */,
				7FB394E62BF643AC0082BBF6 /* AppDelegate.swift */,
				7FB394E82BF643AC0082BBF6 /* SceneDelegate.swift */,
				7FB394EF2BF643AF0082BBF6 /* Assets.xcassets */,
				7FB394F12BF643AF0082BBF6 /* LaunchScreen.storyboard */,
				7FB394F42BF643AF0082BBF6 /* Info.plist */,
			);
			path = Netflix;
			sourceTree = "<group>";
		};
		7FB394FC2BF643AF0082BBF6 /* NetflixTests */ = {
			isa = PBXGroup;
			children = (
				7FB394FD2BF643AF0082BBF6 /* NetflixTests.swift */,
			);
			path = NetflixTests;
			sourceTree = "<group>";
		};
		7FB395062BF643AF0082BBF6 /* NetflixUITests */ = {
			isa = PBXGroup;
			children = (
				7FB395072BF643AF0082BBF6 /* NetflixUITests.swift */,
				7FB395092BF643AF0082BBF6 /* NetflixUITestsLaunchTests.swift */,
			);
			path = NetflixUITests;
			sourceTree = "<group>";
		};
		7FB395162BF645150082BBF6 /* Classes */ = {
			isa = PBXGroup;
			children = (
				7FC2A0622BF79C7E00358B2F /* Common */,
				7FC2A05F2BF79C2D00358B2F /* Services */,
				7FC2A03D2BF78D3500358B2F /* Helper */,
				7FB395182BF6454D0082BBF6 /* Features */,
			);
			path = Classes;
			sourceTree = "<group>";
		};
		7FB395172BF645300082BBF6 /* Main */ = {
			isa = PBXGroup;
			children = (
				7FB395192BF645A40082BBF6 /* Tab */,
				7FB3951C2BF6475D0082BBF6 /* Home */,
				7FB395302BF66F230082BBF6 /* UpComing */,
				7FC2A0402BF78FD100358B2F /* Search */,
				7FC2A04D2BF790D000358B2F /* Download */,
			);
			path = Main;
			sourceTree = "<group>";
		};
		7FB395182BF6454D0082BBF6 /* Features */ = {
			isa = PBXGroup;
			children = (
				7FB395172BF645300082BBF6 /* Main */,
			);
			path = Features;
			sourceTree = "<group>";
		};
		7FB395192BF645A40082BBF6 /* Tab */ = {
			isa = PBXGroup;
			children = (
				7FB3951A2BF645CC0082BBF6 /* TabViewController.swift */,
				7FB3952E2BF666190082BBF6 /* TabBarBuilder.swift */,
			);
			path = Tab;
			sourceTree = "<group>";
		};
		7FB3951C2BF6475D0082BBF6 /* Home */ = {
			isa = PBXGroup;
			children = (
				7FB395202BF648AA0082BBF6 /* View */,
				7FB395282BF65BB30082BBF6 /* Interacter */,
				7FB3952B2BF65BE40082BBF6 /* Presenter */,
				7FB395252BF65B780082BBF6 /* Router */,
			);
			path = Home;
			sourceTree = "<group>";
		};
		7FB395202BF648AA0082BBF6 /* View */ = {
			isa = PBXGroup;
			children = (
				7FB395212BF648C10082BBF6 /* HomeViewController.swift */,
				7FC2A0CD2BFB62D200358B2F /* CollectionViewTableViewCell.swift */,
				7FC2A0CF2BFB62F600358B2F /* TitleCollectionViewCell.swift */,
			);
			path = View;
			sourceTree = "<group>";
		};
		7FB395252BF65B780082BBF6 /* Router */ = {
			isa = PBXGroup;
			children = (
				7FB395262BF65BAC0082BBF6 /* HomeRouter.swift */,
			);
			path = Router;
			sourceTree = "<group>";
		};
		7FB395282BF65BB30082BBF6 /* Interacter */ = {
			isa = PBXGroup;
			children = (
				7FB395292BF65BD50082BBF6 /* HomeInterarcter.swift */,
			);
			path = Interacter;
			sourceTree = "<group>";
		};
		7FB3952B2BF65BE40082BBF6 /* Presenter */ = {
			isa = PBXGroup;
			children = (
				7FB3952C2BF65C070082BBF6 /* HomePresenter.swift */,
			);
			path = Presenter;
			sourceTree = "<group>";
		};
		7FB395302BF66F230082BBF6 /* UpComing */ = {
			isa = PBXGroup;
			children = (
				7FB395332BF66F230082BBF6 /* View */,
				7FB395352BF66F230082BBF6 /* Interacter */,
				7FB395312BF66F230082BBF6 /* Presenter */,
				7FB395372BF66F230082BBF6 /* Router */,
			);
			path = UpComing;
			sourceTree = "<group>";
		};
		7FB395312BF66F230082BBF6 /* Presenter */ = {
			isa = PBXGroup;
			children = (
				7FB395322BF66F230082BBF6 /* UpcomingPresenter.swift */,
			);
			path = Presenter;
			sourceTree = "<group>";
		};
		7FB395332BF66F230082BBF6 /* View */ = {
			isa = PBXGroup;
			children = (
				7FB395342BF66F230082BBF6 /* UpcomingViewController.swift */,
				7FE47C382C12D61D00E0231F /* TitleTableViewCell.swift */,
			);
			path = View;
			sourceTree = "<group>";
		};
		7FB395352BF66F230082BBF6 /* Interacter */ = {
			isa = PBXGroup;
			children = (
				7FB395362BF66F230082BBF6 /* UpcomingInteracter.swift */,
			);
			path = Interacter;
			sourceTree = "<group>";
		};
		7FB395372BF66F230082BBF6 /* Router */ = {
			isa = PBXGroup;
			children = (
				7FB395382BF66F230082BBF6 /* UpcomingRouter.swift */,
			);
			path = Router;
			sourceTree = "<group>";
		};
		7FC2A03D2BF78D3500358B2F /* Helper */ = {
			isa = PBXGroup;
			children = (
				7FC2A03E2BF78D5100358B2F /* BaseViewController.swift */,
			);
			path = Helper;
			sourceTree = "<group>";
		};
		7FC2A0402BF78FD100358B2F /* Search */ = {
			isa = PBXGroup;
			children = (
				7FC2A0412BF78FD100358B2F /* Presenter */,
				7FC2A0432BF78FD100358B2F /* View */,
				7FC2A0452BF78FD100358B2F /* Interacter */,
				7FC2A0472BF78FD100358B2F /* Router */,
			);
			name = Search;
			path = Netflix/Classes/Features/Main/Search;
			sourceTree = SOURCE_ROOT;
		};
		7FC2A0412BF78FD100358B2F /* Presenter */ = {
			isa = PBXGroup;
			children = (
				7FC2A0422BF78FD100358B2F /* SearchPresenter.swift */,
			);
			path = Presenter;
			sourceTree = "<group>";
		};
		7FC2A0432BF78FD100358B2F /* View */ = {
			isa = PBXGroup;
			children = (
				7FC2A0442BF78FD100358B2F /* SearchViewController.swift */,
			);
			path = View;
			sourceTree = "<group>";
		};
		7FC2A0452BF78FD100358B2F /* Interacter */ = {
			isa = PBXGroup;
			children = (
				7FC2A0462BF78FD100358B2F /* SearchInteracter.swift */,
			);
			path = Interacter;
			sourceTree = "<group>";
		};
		7FC2A0472BF78FD100358B2F /* Router */ = {
			isa = PBXGroup;
			children = (
				7FC2A0482BF78FD100358B2F /* SearchRouter.swift */,
			);
			path = Router;
			sourceTree = "<group>";
		};
		7FC2A04D2BF790D000358B2F /* Download */ = {
			isa = PBXGroup;
			children = (
				7FC2A04E2BF790D000358B2F /* Presenter */,
				7FC2A0502BF790D000358B2F /* View */,
				7FC2A0522BF790D000358B2F /* Interacter */,
				7FC2A0542BF790D000358B2F /* Router */,
			);
			name = Download;
			path = Netflix/Classes/Features/Main/Download;
			sourceTree = SOURCE_ROOT;
		};
		7FC2A04E2BF790D000358B2F /* Presenter */ = {
			isa = PBXGroup;
			children = (
				7FC2A04F2BF790D000358B2F /* DownloadPresenter.swift */,
			);
			path = Presenter;
			sourceTree = "<group>";
		};
		7FC2A0502BF790D000358B2F /* View */ = {
			isa = PBXGroup;
			children = (
				7FC2A0512BF790D000358B2F /* DownloadViewController.swift */,
			);
			path = View;
			sourceTree = "<group>";
		};
		7FC2A0522BF790D000358B2F /* Interacter */ = {
			isa = PBXGroup;
			children = (
				7FC2A0532BF790D000358B2F /* DownloadInteracter.swift */,
			);
			path = Interacter;
			sourceTree = "<group>";
		};
		7FC2A0542BF790D000358B2F /* Router */ = {
			isa = PBXGroup;
			children = (
				7FC2A0552BF790D000358B2F /* DownloadRouter.swift */,
			);
			path = Router;
			sourceTree = "<group>";
		};
		7FC2A05F2BF79C2D00358B2F /* Services */ = {
			isa = PBXGroup;
			children = (
				7FC2A0602BF79C4100358B2F /* NetworkManager.swift */,
			);
			path = Services;
			sourceTree = "<group>";
		};
		7FC2A0622BF79C7E00358B2F /* Common */ = {
			isa = PBXGroup;
			children = (
				7FC2A0632BF79C8500358B2F /* Models */,
			);
			path = Common;
			sourceTree = "<group>";
		};
		7FC2A0632BF79C8500358B2F /* Models */ = {
			isa = PBXGroup;
			children = (
				7FC2A0642BF79CA400358B2F /* Program.swift */,
				7FE47C3A2C12D6E200E0231F /* TitleViewmodel.swift */,
			);
			path = Models;
			sourceTree = "<group>";
		};
/* End PBXGroup section */

/* Begin PBXNativeTarget section */
		7FB394E22BF643AC0082BBF6 /* Netflix */ = {
			isa = PBXNativeTarget;
			buildConfigurationList = 7FB3950D2BF643AF0082BBF6 /* Build configuration list for PBXNativeTarget "Netflix" */;
			buildPhases = (
				7FB394DF2BF643AC0082BBF6 /* Sources */,
				7FB394E02BF643AC0082BBF6 /* Frameworks */,
				7FB394E12BF643AC0082BBF6 /* Resources */,
			);
			buildRules = (
			);
			dependencies = (
			);
			name = Netflix;
			packageProductDependencies = (
				7FC2A0D32BFB63AC00358B2F /* SDWebImage */,
				7FC2A0D52BFB63AC00358B2F /* SDWebImageMapKit */,
			);
			productName = Netflix;
			productReference = 7FB394E32BF643AC0082BBF6 /* Netflix.app */;
			productType = "com.apple.product-type.application";
		};
		7FB394F82BF643AF0082BBF6 /* NetflixTests */ = {
			isa = PBXNativeTarget;
			buildConfigurationList = 7FB395102BF643AF0082BBF6 /* Build configuration list for PBXNativeTarget "NetflixTests" */;
			buildPhases = (
				7FB394F52BF643AF0082BBF6 /* Sources */,
				7FB394F62BF643AF0082BBF6 /* Frameworks */,
				7FB394F72BF643AF0082BBF6 /* Resources */,
			);
			buildRules = (
			);
			dependencies = (
				7FB394FB2BF643AF0082BBF6 /* PBXTargetDependency */,
			);
			name = NetflixTests;
			productName = NetflixTests;
			productReference = 7FB394F92BF643AF0082BBF6 /* NetflixTests.xctest */;
			productType = "com.apple.product-type.bundle.unit-test";
		};
		7FB395022BF643AF0082BBF6 /* NetflixUITests */ = {
			isa = PBXNativeTarget;
			buildConfigurationList = 7FB395132BF643AF0082BBF6 /* Build configuration list for PBXNativeTarget "NetflixUITests" */;
			buildPhases = (
				7FB394FF2BF643AF0082BBF6 /* Sources */,
				7FB395002BF643AF0082BBF6 /* Frameworks */,
				7FB395012BF643AF0082BBF6 /* Resources */,
			);
			buildRules = (
			);
			dependencies = (
				7FB395052BF643AF0082BBF6 /* PBXTargetDependency */,
			);
			name = NetflixUITests;
			productName = NetflixUITests;
			productReference = 7FB395032BF643AF0082BBF6 /* NetflixUITests.xctest */;
			productType = "com.apple.product-type.bundle.ui-testing";
		};
/* End PBXNativeTarget section */

/* Begin PBXProject section */
		7FB394DB2BF643AC0082BBF6 /* Project object */ = {
			isa = PBXProject;
			attributes = {
				BuildIndependentTargetsInParallel = 1;
				LastSwiftUpdateCheck = 1500;
				LastUpgradeCheck = 1500;
				TargetAttributes = {
					7FB394E22BF643AC0082BBF6 = {
						CreatedOnToolsVersion = 15.0.1;
					};
					7FB394F82BF643AF0082BBF6 = {
						CreatedOnToolsVersion = 15.0.1;
						TestTargetID = 7FB394E22BF643AC0082BBF6;
					};
					7FB395022BF643AF0082BBF6 = {
						CreatedOnToolsVersion = 15.0.1;
						TestTargetID = 7FB394E22BF643AC0082BBF6;
					};
				};
			};
			buildConfigurationList = 7FB394DE2BF643AC0082BBF6 /* Build configuration list for PBXProject "Netflix" */;
			compatibilityVersion = "Xcode 14.0";
			developmentRegion = en;
			hasScannedForEncodings = 0;
			knownRegions = (
				en,
				Base,
			);
			mainGroup = 7FB394DA2BF643AC0082BBF6;
			packageReferences = (
				7FC2A0D22BFB63AC00358B2F /* XCRemoteSwiftPackageReference "SDWebImage" */,
			);
			productRefGroup = 7FB394E42BF643AC0082BBF6 /* Products */;
			projectDirPath = "";
			projectRoot = "";
			targets = (
				7FB394E22BF643AC0082BBF6 /* Netflix */,
				7FB394F82BF643AF0082BBF6 /* NetflixTests */,
				7FB395022BF643AF0082BBF6 /* NetflixUITests */,
			);
		};
/* End PBXProject section */

/* Begin PBXResourcesBuildPhase section */
		7FB394E12BF643AC0082BBF6 /* Resources */ = {
			isa = PBXResourcesBuildPhase;
			buildActionMask = 2147483647;
			files = (
				7FB394F32BF643AF0082BBF6 /* LaunchScreen.storyboard in Resources */,
				7FB394F02BF643AF0082BBF6 /* Assets.xcassets in Resources */,
			);
			runOnlyForDeploymentPostprocessing = 0;
		};
		7FB394F72BF643AF0082BBF6 /* Resources */ = {
			isa = PBXResourcesBuildPhase;
			buildActionMask = 2147483647;
			files = (
			);
			runOnlyForDeploymentPostprocessing = 0;
		};
		7FB395012BF643AF0082BBF6 /* Resources */ = {
			isa = PBXResourcesBuildPhase;
			buildActionMask = 2147483647;
			files = (
			);
			runOnlyForDeploymentPostprocessing = 0;
		};
/* End PBXResourcesBuildPhase section */

/* Begin PBXSourcesBuildPhase section */
		7FB394DF2BF643AC0082BBF6 /* Sources */ = {
			isa = PBXSourcesBuildPhase;
			buildActionMask = 2147483647;
			files = (
				7FC2A03F2BF78D5100358B2F /* BaseViewController.swift in Sources */,
				7FB3953B2BF66F230082BBF6 /* UpcomingInteracter.swift in Sources */,
				7FE47C392C12D61D00E0231F /* TitleTableViewCell.swift in Sources */,
				7FC2A0CE2BFB62D200358B2F /* CollectionViewTableViewCell.swift in Sources */,
				7FC2A0562BF790D000358B2F /* DownloadPresenter.swift in Sources */,
				7FC2A0592BF790D000358B2F /* DownloadRouter.swift in Sources */,
				7FC2A0612BF79C4100358B2F /* NetworkManager.swift in Sources */,
				7FC2A0492BF78FD100358B2F /* SearchPresenter.swift in Sources */,
				7FC2A0572BF790D000358B2F /* DownloadViewController.swift in Sources */,
				7FC2A04A2BF78FD100358B2F /* SearchViewController.swift in Sources */,
				7FC2A0582BF790D000358B2F /* DownloadInteracter.swift in Sources */,
				7FC2A04C2BF78FD100358B2F /* SearchRouter.swift in Sources */,
				7FB3953C2BF66F230082BBF6 /* UpcomingRouter.swift in Sources */,
				7FB3952D2BF65C070082BBF6 /* HomePresenter.swift in Sources */,
				7FC2A04B2BF78FD100358B2F /* SearchInteracter.swift in Sources */,
				7FC2A0652BF79CA400358B2F /* Program.swift in Sources */,
				7FB3952F2BF666190082BBF6 /* TabBarBuilder.swift in Sources */,
				7FB3951B2BF645CC0082BBF6 /* TabViewController.swift in Sources */,
				7FE47C3B2C12D6E200E0231F /* TitleViewmodel.swift in Sources */,
				7FC2A0D02BFB62F600358B2F /* TitleCollectionViewCell.swift in Sources */,
				7FB394E72BF643AC0082BBF6 /* AppDelegate.swift in Sources */,
				7FB3952A2BF65BD50082BBF6 /* HomeInterarcter.swift in Sources */,
				7FB3953A2BF66F230082BBF6 /* UpcomingViewController.swift in Sources */,
				7FB394E92BF643AC0082BBF6 /* SceneDelegate.swift in Sources */,
				7FB395392BF66F230082BBF6 /* UpcomingPresenter.swift in Sources */,
				7FB395232BF648C10082BBF6 /* HomeViewController.swift in Sources */,
				7FB395272BF65BAC0082BBF6 /* HomeRouter.swift in Sources */,
			);
			runOnlyForDeploymentPostprocessing = 0;
		};
		7FB394F52BF643AF0082BBF6 /* Sources */ = {
			isa = PBXSourcesBuildPhase;
			buildActionMask = 2147483647;
			files = (
				7FB394FE2BF643AF0082BBF6 /* NetflixTests.swift in Sources */,
			);
			runOnlyForDeploymentPostprocessing = 0;
		};
		7FB394FF2BF643AF0082BBF6 /* Sources */ = {
			isa = PBXSourcesBuildPhase;
			buildActionMask = 2147483647;
			files = (
				7FB395082BF643AF0082BBF6 /* NetflixUITests.swift in Sources */,
				7FB3950A2BF643AF0082BBF6 /* NetflixUITestsLaunchTests.swift in Sources */,
			);
			runOnlyForDeploymentPostprocessing = 0;
		};
/* End PBXSourcesBuildPhase section */

/* Begin PBXTargetDependency section */
		7FB394FB2BF643AF0082BBF6 /* PBXTargetDependency */ = {
			isa = PBXTargetDependency;
			target = 7FB394E22BF643AC0082BBF6 /* Netflix */;
			targetProxy = 7FB394FA2BF643AF0082BBF6 /* PBXContainerItemProxy */;
		};
		7FB395052BF643AF0082BBF6 /* PBXTargetDependency */ = {
			isa = PBXTargetDependency;
			target = 7FB394E22BF643AC0082BBF6 /* Netflix */;
			targetProxy = 7FB395042BF643AF0082BBF6 /* PBXContainerItemProxy */;
		};
/* End PBXTargetDependency section */

/* Begin PBXVariantGroup section */
		7FB394F12BF643AF0082BBF6 /* LaunchScreen.storyboard */ = {
			isa = PBXVariantGroup;
			children = (
				7FB394F22BF643AF0082BBF6 /* Base */,
			);
			name = LaunchScreen.storyboard;
			sourceTree = "<group>";
		};
/* End PBXVariantGroup section */

/* Begin XCBuildConfiguration section */
		7FB3950B2BF643AF0082BBF6 /* Debug */ = {
			isa = XCBuildConfiguration;
			buildSettings = {
				ALWAYS_SEARCH_USER_PATHS = NO;
				ASSETCATALOG_COMPILER_GENERATE_SWIFT_ASSET_SYMBOL_EXTENSIONS = YES;
				CLANG_ANALYZER_NONNULL = YES;
				CLANG_ANALYZER_NUMBER_OBJECT_CONVERSION = YES_AGGRESSIVE;
				CLANG_CXX_LANGUAGE_STANDARD = "gnu++20";
				CLANG_ENABLE_MODULES = YES;
				CLANG_ENABLE_OBJC_ARC = YES;
				CLANG_ENABLE_OBJC_WEAK = YES;
				CLANG_WARN_BLOCK_CAPTURE_AUTORELEASING = YES;
				CLANG_WARN_BOOL_CONVERSION = YES;
				CLANG_WARN_COMMA = YES;
				CLANG_WARN_CONSTANT_CONVERSION = YES;
				CLANG_WARN_DEPRECATED_OBJC_IMPLEMENTATIONS = YES;
				CLANG_WARN_DIRECT_OBJC_ISA_USAGE = YES_ERROR;
				CLANG_WARN_DOCUMENTATION_COMMENTS = YES;
				CLANG_WARN_EMPTY_BODY = YES;
				CLANG_WARN_ENUM_CONVERSION = YES;
				CLANG_WARN_INFINITE_RECURSION = YES;
				CLANG_WARN_INT_CONVERSION = YES;
				CLANG_WARN_NON_LITERAL_NULL_CONVERSION = YES;
				CLANG_WARN_OBJC_IMPLICIT_RETAIN_SELF = YES;
				CLANG_WARN_OBJC_LITERAL_CONVERSION = YES;
				CLANG_WARN_OBJC_ROOT_CLASS = YES_ERROR;
				CLANG_WARN_QUOTED_INCLUDE_IN_FRAMEWORK_HEADER = YES;
				CLANG_WARN_RANGE_LOOP_ANALYSIS = YES;
				CLANG_WARN_STRICT_PROTOTYPES = YES;
				CLANG_WARN_SUSPICIOUS_MOVE = YES;
				CLANG_WARN_UNGUARDED_AVAILABILITY = YES_AGGRESSIVE;
				CLANG_WARN_UNREACHABLE_CODE = YES;
				CLANG_WARN__DUPLICATE_METHOD_MATCH = YES;
				COPY_PHASE_STRIP = NO;
				DEBUG_INFORMATION_FORMAT = dwarf;
				ENABLE_STRICT_OBJC_MSGSEND = YES;
				ENABLE_TESTABILITY = YES;
				ENABLE_USER_SCRIPT_SANDBOXING = YES;
				GCC_C_LANGUAGE_STANDARD = gnu17;
				GCC_DYNAMIC_NO_PIC = NO;
				GCC_NO_COMMON_BLOCKS = YES;
				GCC_OPTIMIZATION_LEVEL = 0;
				GCC_PREPROCESSOR_DEFINITIONS = (
					"DEBUG=1",
					"$(inherited)",
				);
				GCC_WARN_64_TO_32_BIT_CONVERSION = YES;
				GCC_WARN_ABOUT_RETURN_TYPE = YES_ERROR;
				GCC_WARN_UNDECLARED_SELECTOR = YES;
				GCC_WARN_UNINITIALIZED_AUTOS = YES_AGGRESSIVE;
				GCC_WARN_UNUSED_FUNCTION = YES;
				GCC_WARN_UNUSED_VARIABLE = YES;
				IPHONEOS_DEPLOYMENT_TARGET = 17.0;
				LOCALIZATION_PREFERS_STRING_CATALOGS = YES;
				MTL_ENABLE_DEBUG_INFO = INCLUDE_SOURCE;
				MTL_FAST_MATH = YES;
				ONLY_ACTIVE_ARCH = YES;
				SDKROOT = iphoneos;
				SWIFT_ACTIVE_COMPILATION_CONDITIONS = "DEBUG $(inherited)";
				SWIFT_OPTIMIZATION_LEVEL = "-Onone";
			};
			name = Debug;
		};
		7FB3950C2BF643AF0082BBF6 /* Release */ = {
			isa = XCBuildConfiguration;
			buildSettings = {
				ALWAYS_SEARCH_USER_PATHS = NO;
				ASSETCATALOG_COMPILER_GENERATE_SWIFT_ASSET_SYMBOL_EXTENSIONS = YES;
				CLANG_ANALYZER_NONNULL = YES;
				CLANG_ANALYZER_NUMBER_OBJECT_CONVERSION = YES_AGGRESSIVE;
				CLANG_CXX_LANGUAGE_STANDARD = "gnu++20";
				CLANG_ENABLE_MODULES = YES;
				CLANG_ENABLE_OBJC_ARC = YES;
				CLANG_ENABLE_OBJC_WEAK = YES;
				CLANG_WARN_BLOCK_CAPTURE_AUTORELEASING = YES;
				CLANG_WARN_BOOL_CONVERSION = YES;
				CLANG_WARN_COMMA = YES;
				CLANG_WARN_CONSTANT_CONVERSION = YES;
				CLANG_WARN_DEPRECATED_OBJC_IMPLEMENTATIONS = YES;
				CLANG_WARN_DIRECT_OBJC_ISA_USAGE = YES_ERROR;
				CLANG_WARN_DOCUMENTATION_COMMENTS = YES;
				CLANG_WARN_EMPTY_BODY = YES;
				CLANG_WARN_ENUM_CONVERSION = YES;
				CLANG_WARN_INFINITE_RECURSION = YES;
				CLANG_WARN_INT_CONVERSION = YES;
				CLANG_WARN_NON_LITERAL_NULL_CONVERSION = YES;
				CLANG_WARN_OBJC_IMPLICIT_RETAIN_SELF = YES;
				CLANG_WARN_OBJC_LITERAL_CONVERSION = YES;
				CLANG_WARN_OBJC_ROOT_CLASS = YES_ERROR;
				CLANG_WARN_QUOTED_INCLUDE_IN_FRAMEWORK_HEADER = YES;
				CLANG_WARN_RANGE_LOOP_ANALYSIS = YES;
				CLANG_WARN_STRICT_PROTOTYPES = YES;
				CLANG_WARN_SUSPICIOUS_MOVE = YES;
				CLANG_WARN_UNGUARDED_AVAILABILITY = YES_AGGRESSIVE;
				CLANG_WARN_UNREACHABLE_CODE = YES;
				CLANG_WARN__DUPLICATE_METHOD_MATCH = YES;
				COPY_PHASE_STRIP = NO;
				DEBUG_INFORMATION_FORMAT = "dwarf-with-dsym";
				ENABLE_NS_ASSERTIONS = NO;
				ENABLE_STRICT_OBJC_MSGSEND = YES;
				ENABLE_USER_SCRIPT_SANDBOXING = YES;
				GCC_C_LANGUAGE_STANDARD = gnu17;
				GCC_NO_COMMON_BLOCKS = YES;
				GCC_WARN_64_TO_32_BIT_CONVERSION = YES;
				GCC_WARN_ABOUT_RETURN_TYPE = YES_ERROR;
				GCC_WARN_UNDECLARED_SELECTOR = YES;
				GCC_WARN_UNINITIALIZED_AUTOS = YES_AGGRESSIVE;
				GCC_WARN_UNUSED_FUNCTION = YES;
				GCC_WARN_UNUSED_VARIABLE = YES;
				IPHONEOS_DEPLOYMENT_TARGET = 17.0;
				LOCALIZATION_PREFERS_STRING_CATALOGS = YES;
				MTL_ENABLE_DEBUG_INFO = NO;
				MTL_FAST_MATH = YES;
				SDKROOT = iphoneos;
				SWIFT_COMPILATION_MODE = wholemodule;
				VALIDATE_PRODUCT = YES;
			};
			name = Release;
		};
		7FB3950E2BF643AF0082BBF6 /* Debug */ = {
			isa = XCBuildConfiguration;
			buildSettings = {
				ASSETCATALOG_COMPILER_APPICON_NAME = AppIcon;
				ASSETCATALOG_COMPILER_GLOBAL_ACCENT_COLOR_NAME = AccentColor;
				CODE_SIGN_STYLE = Automatic;
				CURRENT_PROJECT_VERSION = 1;
				GENERATE_INFOPLIST_FILE = YES;
				INFOPLIST_FILE = Netflix/Info.plist;
				INFOPLIST_KEY_UIApplicationSupportsIndirectInputEvents = YES;
				INFOPLIST_KEY_UILaunchStoryboardName = LaunchScreen;
				INFOPLIST_KEY_UISupportedInterfaceOrientations_iPad = "UIInterfaceOrientationPortrait UIInterfaceOrientationPortraitUpsideDown UIInterfaceOrientationLandscapeLeft UIInterfaceOrientationLandscapeRight";
				INFOPLIST_KEY_UISupportedInterfaceOrientations_iPhone = "UIInterfaceOrientationPortrait UIInterfaceOrientationLandscapeLeft UIInterfaceOrientationLandscapeRight";
				LD_RUNPATH_SEARCH_PATHS = (
					"$(inherited)",
					"@executable_path/Frameworks",
				);
				MARKETING_VERSION = 1.0;
				PRODUCT_BUNDLE_IDENTIFIER = com.parag.Netflix;
				PRODUCT_NAME = "$(TARGET_NAME)";
				SWIFT_EMIT_LOC_STRINGS = YES;
				SWIFT_VERSION = 5.0;
				TARGETED_DEVICE_FAMILY = "1,2";
			};
			name = Debug;
		};
		7FB3950F2BF643AF0082BBF6 /* Release */ = {
			isa = XCBuildConfiguration;
			buildSettings = {
				ASSETCATALOG_COMPILER_APPICON_NAME = AppIcon;
				ASSETCATALOG_COMPILER_GLOBAL_ACCENT_COLOR_NAME = AccentColor;
				CODE_SIGN_STYLE = Automatic;
				CURRENT_PROJECT_VERSION = 1;
				GENERATE_INFOPLIST_FILE = YES;
				INFOPLIST_FILE = Netflix/Info.plist;
				INFOPLIST_KEY_UIApplicationSupportsIndirectInputEvents = YES;
				INFOPLIST_KEY_UILaunchStoryboardName = LaunchScreen;
				INFOPLIST_KEY_UISupportedInterfaceOrientations_iPad = "UIInterfaceOrientationPortrait UIInterfaceOrientationPortraitUpsideDown UIInterfaceOrientationLandscapeLeft UIInterfaceOrientationLandscapeRight";
				INFOPLIST_KEY_UISupportedInterfaceOrientations_iPhone = "UIInterfaceOrientationPortrait UIInterfaceOrientationLandscapeLeft UIInterfaceOrientationLandscapeRight";
				LD_RUNPATH_SEARCH_PATHS = (
					"$(inherited)",
					"@executable_path/Frameworks",
				);
				MARKETING_VERSION = 1.0;
				PRODUCT_BUNDLE_IDENTIFIER = com.parag.Netflix;
				PRODUCT_NAME = "$(TARGET_NAME)";
				SWIFT_EMIT_LOC_STRINGS = YES;
				SWIFT_VERSION = 5.0;
				TARGETED_DEVICE_FAMILY = "1,2";
			};
			name = Release;
		};
		7FB395112BF643AF0082BBF6 /* Debug */ = {
			isa = XCBuildConfiguration;
			buildSettings = {
				ALWAYS_EMBED_SWIFT_STANDARD_LIBRARIES = YES;
				BUNDLE_LOADER = "$(TEST_HOST)";
				CODE_SIGN_STYLE = Automatic;
				CURRENT_PROJECT_VERSION = 1;
				GENERATE_INFOPLIST_FILE = YES;
				IPHONEOS_DEPLOYMENT_TARGET = 17.0;
				MARKETING_VERSION = 1.0;
				PRODUCT_BUNDLE_IDENTIFIER = com.parag.NetflixTests;
				PRODUCT_NAME = "$(TARGET_NAME)";
				SWIFT_EMIT_LOC_STRINGS = NO;
				SWIFT_VERSION = 5.0;
				TARGETED_DEVICE_FAMILY = "1,2";
				TEST_HOST = "$(BUILT_PRODUCTS_DIR)/Netflix.app/$(BUNDLE_EXECUTABLE_FOLDER_PATH)/Netflix";
			};
			name = Debug;
		};
		7FB395122BF643AF0082BBF6 /* Release */ = {
			isa = XCBuildConfiguration;
			buildSettings = {
				ALWAYS_EMBED_SWIFT_STANDARD_LIBRARIES = YES;
				BUNDLE_LOADER = "$(TEST_HOST)";
				CODE_SIGN_STYLE = Automatic;
				CURRENT_PROJECT_VERSION = 1;
				GENERATE_INFOPLIST_FILE = YES;
				IPHONEOS_DEPLOYMENT_TARGET = 17.0;
				MARKETING_VERSION = 1.0;
				PRODUCT_BUNDLE_IDENTIFIER = com.parag.NetflixTests;
				PRODUCT_NAME = "$(TARGET_NAME)";
				SWIFT_EMIT_LOC_STRINGS = NO;
				SWIFT_VERSION = 5.0;
				TARGETED_DEVICE_FAMILY = "1,2";
				TEST_HOST = "$(BUILT_PRODUCTS_DIR)/Netflix.app/$(BUNDLE_EXECUTABLE_FOLDER_PATH)/Netflix";
			};
			name = Release;
		};
		7FB395142BF643AF0082BBF6 /* Debug */ = {
			isa = XCBuildConfiguration;
			buildSettings = {
				ALWAYS_EMBED_SWIFT_STANDARD_LIBRARIES = YES;
				CODE_SIGN_STYLE = Automatic;
				CURRENT_PROJECT_VERSION = 1;
				GENERATE_INFOPLIST_FILE = YES;
				MARKETING_VERSION = 1.0;
				PRODUCT_BUNDLE_IDENTIFIER = com.parag.NetflixUITests;
				PRODUCT_NAME = "$(TARGET_NAME)";
				SWIFT_EMIT_LOC_STRINGS = NO;
				SWIFT_VERSION = 5.0;
				TARGETED_DEVICE_FAMILY = "1,2";
				TEST_TARGET_NAME = Netflix;
			};
			name = Debug;
		};
		7FB395152BF643AF0082BBF6 /* Release */ = {
			isa = XCBuildConfiguration;
			buildSettings = {
				ALWAYS_EMBED_SWIFT_STANDARD_LIBRARIES = YES;
				CODE_SIGN_STYLE = Automatic;
				CURRENT_PROJECT_VERSION = 1;
				GENERATE_INFOPLIST_FILE = YES;
				MARKETING_VERSION = 1.0;
				PRODUCT_BUNDLE_IDENTIFIER = com.parag.NetflixUITests;
				PRODUCT_NAME = "$(TARGET_NAME)";
				SWIFT_EMIT_LOC_STRINGS = NO;
				SWIFT_VERSION = 5.0;
				TARGETED_DEVICE_FAMILY = "1,2";
				TEST_TARGET_NAME = Netflix;
			};
			name = Release;
		};
/* End XCBuildConfiguration section */

/* Begin XCConfigurationList section */
		7FB394DE2BF643AC0082BBF6 /* Build configuration list for PBXProject "Netflix" */ = {
			isa = XCConfigurationList;
			buildConfigurations = (
				7FB3950B2BF643AF0082BBF6 /* Debug */,
				7FB3950C2BF643AF0082BBF6 /* Release */,
			);
			defaultConfigurationIsVisible = 0;
			defaultConfigurationName = Release;
		};
		7FB3950D2BF643AF0082BBF6 /* Build configuration list for PBXNativeTarget "Netflix" */ = {
			isa = XCConfigurationList;
			buildConfigurations = (
				7FB3950E2BF643AF0082BBF6 /* Debug */,
				7FB3950F2BF643AF0082BBF6 /* Release */,
			);
			defaultConfigurationIsVisible = 0;
			defaultConfigurationName = Release;
		};
		7FB395102BF643AF0082BBF6 /* Build configuration list for PBXNativeTarget "NetflixTests" */ = {
			isa = XCConfigurationList;
			buildConfigurations = (
				7FB395112BF643AF0082BBF6 /* Debug */,
				7FB395122BF643AF0082BBF6 /* Release */,
			);
			defaultConfigurationIsVisible = 0;
			defaultConfigurationName = Release;
		};
		7FB395132BF643AF0082BBF6 /* Build configuration list for PBXNativeTarget "NetflixUITests" */ = {
			isa = XCConfigurationList;
			buildConfigurations = (
				7FB395142BF643AF0082BBF6 /* Debug */,
				7FB395152BF643AF0082BBF6 /* Release */,
			);
			defaultConfigurationIsVisible = 0;
			defaultConfigurationName = Release;
		};
/* End XCConfigurationList section */

/* Begin XCRemoteSwiftPackageReference section */
		7FC2A0D22BFB63AC00358B2F /* XCRemoteSwiftPackageReference "SDWebImage" */ = {
			isa = XCRemoteSwiftPackageReference;
			repositoryURL = "https://github.com/SDWebImage/SDWebImage.git";
			requirement = {
				kind = upToNextMajorVersion;
				minimumVersion = 5.19.2;
			};
		};
/* End XCRemoteSwiftPackageReference section */

/* Begin XCSwiftPackageProductDependency section */
		7FC2A0D32BFB63AC00358B2F /* SDWebImage */ = {
			isa = XCSwiftPackageProductDependency;
			package = 7FC2A0D22BFB63AC00358B2F /* XCRemoteSwiftPackageReference "SDWebImage" */;
			productName = SDWebImage;
		};
		7FC2A0D52BFB63AC00358B2F /* SDWebImageMapKit */ = {
			isa = XCSwiftPackageProductDependency;
			package = 7FC2A0D22BFB63AC00358B2F /* XCRemoteSwiftPackageReference "SDWebImage" */;
			productName = SDWebImageMapKit;
		};
/* End XCSwiftPackageProductDependency section */
	};
	rootObject = 7FB394DB2BF643AC0082BBF6 /* Project object */;
}
